<Solution>
  <Project Path="Alkhulasat.App/Alkhulasat.App.csproj">
    <Deploy Solution="Debug|*" />
  </Project>
  <Project Path="Alkhulasat.BusinessLogic/Alkhulasat.BusinessLogic.csproj" />
  <Project Path="Alkhulasat.DataAccess/Alkhulasat.DataAccess.csproj" />
  <Project Path="Alkhulasat.Domain/Alkhulasat.Domain.csproj" />
</Solution>
